
Microsoft Visual Studio Solution File, Format Version 12.00
# Visual Studio 14
VisualStudioVersion = 14.0.24720.0
MinimumVisualStudioVersion = 10.0.40219.1
Project("{FAE04EC0-301F-11D3-BF4B-00C04F79EFBC}") = "Laboratorium.Algorithms", "Laboratorium.Algorithms\Laboratorium.Algorithms.csproj", "{21456229-9644-44BD-8C8E-2EEA1D714B07}"
EndProject
Project("{FAE04EC0-301F-11D3-BF4B-00C04F79EFBC}") = "Laboratorium", "Laboratorium\Laboratorium.csproj", "{8C696132-70B4-4A2B-B0CA-3ADF52FC5302}"
EndProject
Project("{FAE04EC0-301F-11D3-BF4B-00C04F79EFBC}") = "Laboratorium.TypeLib", "Laboratorium.TypeLib\Laboratorium.TypeLib.csproj", "{049CCF24-0ABF-4778-8D02-D21F8C885F7A}"
EndProject
Project("{FAE04EC0-301F-11D3-BF4B-00C04F79EFBC}") = "Laboratorium.Core", "Laboratorium.Core\Laboratorium.Core.csproj", "{4E3298DE-7F7E-4754-8FDB-54119B0ABC25}"
EndProject
Project("{F2A71F9B-5D33-465A-A702-920D77279786}") = "Sandbox.FSharp", "Sandbox.FSharp\Sandbox.FSharp.fsproj", "{14BC47D1-30C6-4602-AD74-6A8E5428971D}"
EndProject
Project("{FAE04EC0-301F-11D3-BF4B-00C04F79EFBC}") = "Laboratorium.Tests", "Laboratorium.Tests\Laboratorium.Tests.csproj", "{81B85C44-3555-44D4-8128-343FFBDCA386}"
EndProject
Project("{FAE04EC0-301F-11D3-BF4B-00C04F79EFBC}") = "Sandbox.CSharp", "Sandbox.CSharp\Sandbox.CSharp.csproj", "{D522E227-2F09-4490-9D30-68C3D1BEBCF3}"
EndProject
Project("{2150E333-8FDC-42A3-9474-1A3956D46DE8}") = "Test", "Test", "{7EFA4693-6C40-4AD1-BEE2-2C998E51FA8C}"
EndProject
Project("{2150E333-8FDC-42A3-9474-1A3956D46DE8}") = "Main", "Main", "{3C9C8EA2-1507-4F06-815F-C10684E1B925}"
EndProject
Project("{2150E333-8FDC-42A3-9474-1A3956D46DE8}") = "Sandbox", "Sandbox", "{B7FC8058-FF89-4D60-AFC9-9DCEEEA43809}"
EndProject
Project("{FAE04EC0-301F-11D3-BF4B-00C04F79EFBC}") = "Laboratorium.Attributes", "Laboratorium.Attributes\Laboratorium.Attributes.csproj", "{5542FBEF-8DEF-4A0A-92BE-1370DFA59312}"
EndProject
Global
	GlobalSection(SolutionConfigurationPlatforms) = preSolution
		Debug|Any CPU = Debug|Any CPU
		Release|Any CPU = Release|Any CPU
	EndGlobalSection
	GlobalSection(ProjectConfigurationPlatforms) = postSolution
		{21456229-9644-44BD-8C8E-2EEA1D714B07}.Debug|Any CPU.ActiveCfg = Debug|Any CPU
		{21456229-9644-44BD-8C8E-2EEA1D714B07}.Debug|Any CPU.Build.0 = Debug|Any CPU
		{21456229-9644-44BD-8C8E-2EEA1D714B07}.Release|Any CPU.ActiveCfg = Release|Any CPU
		{21456229-9644-44BD-8C8E-2EEA1D714B07}.Release|Any CPU.Build.0 = Release|Any CPU
		{8C696132-70B4-4A2B-B0CA-3ADF52FC5302}.Debug|Any CPU.ActiveCfg = Debug|Any CPU
		{8C696132-70B4-4A2B-B0CA-3ADF52FC5302}.Debug|Any CPU.Build.0 = Debug|Any CPU
		{8C696132-70B4-4A2B-B0CA-3ADF52FC5302}.Release|Any CPU.ActiveCfg = Release|Any CPU
		{8C696132-70B4-4A2B-B0CA-3ADF52FC5302}.Release|Any CPU.Build.0 = Release|Any CPU
		{049CCF24-0ABF-4778-8D02-D21F8C885F7A}.Debug|Any CPU.ActiveCfg = Debug|Any CPU
		{049CCF24-0ABF-4778-8D02-D21F8C885F7A}.Debug|Any CPU.Build.0 = Debug|Any CPU
		{049CCF24-0ABF-4778-8D02-D21F8C885F7A}.Release|Any CPU.ActiveCfg = Release|Any CPU
		{049CCF24-0ABF-4778-8D02-D21F8C885F7A}.Release|Any CPU.Build.0 = Release|Any CPU
		{4E3298DE-7F7E-4754-8FDB-54119B0ABC25}.Debug|Any CPU.ActiveCfg = Debug|Any CPU
		{4E3298DE-7F7E-4754-8FDB-54119B0ABC25}.Debug|Any CPU.Build.0 = Debug|Any CPU
		{4E3298DE-7F7E-4754-8FDB-54119B0ABC25}.Release|Any CPU.ActiveCfg = Release|Any CPU
		{4E3298DE-7F7E-4754-8FDB-54119B0ABC25}.Release|Any CPU.Build.0 = Release|Any CPU
		{14BC47D1-30C6-4602-AD74-6A8E5428971D}.Debug|Any CPU.ActiveCfg = Debug|Any CPU
		{14BC47D1-30C6-4602-AD74-6A8E5428971D}.Debug|Any CPU.Build.0 = Debug|Any CPU
		{14BC47D1-30C6-4602-AD74-6A8E5428971D}.Release|Any CPU.ActiveCfg = Release|Any CPU
		{14BC47D1-30C6-4602-AD74-6A8E5428971D}.Release|Any CPU.Build.0 = Release|Any CPU
		{81B85C44-3555-44D4-8128-343FFBDCA386}.Debug|Any CPU.ActiveCfg = Debug|Any CPU
		{81B85C44-3555-44D4-8128-343FFBDCA386}.Debug|Any CPU.Build.0 = Debug|Any CPU
		{81B85C44-3555-44D4-8128-343FFBDCA386}.Release|Any CPU.ActiveCfg = Release|Any CPU
		{81B85C44-3555-44D4-8128-343FFBDCA386}.Release|Any CPU.Build.0 = Release|Any CPU
		{D522E227-2F09-4490-9D30-68C3D1BEBCF3}.Debug|Any CPU.ActiveCfg = Debug|Any CPU
		{D522E227-2F09-4490-9D30-68C3D1BEBCF3}.Debug|Any CPU.Build.0 = Debug|Any CPU
		{D522E227-2F09-4490-9D30-68C3D1BEBCF3}.Release|Any CPU.ActiveCfg = Release|Any CPU
		{D522E227-2F09-4490-9D30-68C3D1BEBCF3}.Release|Any CPU.Build.0 = Release|Any CPU
		{5542FBEF-8DEF-4A0A-92BE-1370DFA59312}.Debug|Any CPU.ActiveCfg = Debug|Any CPU
		{5542FBEF-8DEF-4A0A-92BE-1370DFA59312}.Debug|Any CPU.Build.0 = Debug|Any CPU
		{5542FBEF-8DEF-4A0A-92BE-1370DFA59312}.Release|Any CPU.ActiveCfg = Release|Any CPU
		{5542FBEF-8DEF-4A0A-92BE-1370DFA59312}.Release|Any CPU.Build.0 = Release|Any CPU
	EndGlobalSection
	GlobalSection(SolutionProperties) = preSolution
		HideSolutionNode = FALSE
	EndGlobalSection
	GlobalSection(NestedProjects) = preSolution
		{21456229-9644-44BD-8C8E-2EEA1D714B07} = {3C9C8EA2-1507-4F06-815F-C10684E1B925}
		{8C696132-70B4-4A2B-B0CA-3ADF52FC5302} = {3C9C8EA2-1507-4F06-815F-C10684E1B925}
		{049CCF24-0ABF-4778-8D02-D21F8C885F7A} = {3C9C8EA2-1507-4F06-815F-C10684E1B925}
		{4E3298DE-7F7E-4754-8FDB-54119B0ABC25} = {3C9C8EA2-1507-4F06-815F-C10684E1B925}
		{14BC47D1-30C6-4602-AD74-6A8E5428971D} = {B7FC8058-FF89-4D60-AFC9-9DCEEEA43809}
		{81B85C44-3555-44D4-8128-343FFBDCA386} = {7EFA4693-6C40-4AD1-BEE2-2C998E51FA8C}
		{D522E227-2F09-4490-9D30-68C3D1BEBCF3} = {B7FC8058-FF89-4D60-AFC9-9DCEEEA43809}
		{5542FBEF-8DEF-4A0A-92BE-1370DFA59312} = {3C9C8EA2-1507-4F06-815F-C10684E1B925}
	EndGlobalSection
EndGlobal
